
Microsoft Visual Studio Solution File, Format Version 12.00
# Visual Studio Version 16
VisualStudioVersion = 16.0.28922.388
MinimumVisualStudioVersion = 10.0.40219.1
Project("{9A19103F-16F7-4668-BE54-9A1E7A4F7556}") = "Templates.WindowsService", "Templates.WindowsService\Templates.WindowsService.csproj", "{BEFC6C0C-A58B-4F25-B8F9-F2003D80D8B9}"
EndProject
Project("{2150E333-8FDC-42A3-9474-1A3956D46DE8}") = "Solution Items", "Solution Items", "{34F586E6-1CA7-4A54-824D-039B30D0EFA2}"
	ProjectSection(SolutionItems) = preProject
		version.json = version.json
	EndProjectSection
EndProject
Global
	GlobalSection(SolutionConfigurationPlatforms) = preSolution
		Debug|Any CPU = Debug|Any CPU
		Release|Any CPU = Release|Any CPU
	EndGlobalSection
	GlobalSection(ProjectConfigurationPlatforms) = postSolution
		{BEFC6C0C-A58B-4F25-B8F9-F2003D80D8B9}.Debug|Any CPU.ActiveCfg = Debug|Any CPU
		{BEFC6C0C-A58B-4F25-B8F9-F2003D80D8B9}.Debug|Any CPU.Build.0 = Debug|Any CPU
		{BEFC6C0C-A58B-4F25-B8F9-F2003D80D8B9}.Release|Any CPU.ActiveCfg = Release|Any CPU
		{BEFC6C0C-A58B-4F25-B8F9-F2003D80D8B9}.Release|Any CPU.Build.0 = Release|Any CPU
	EndGlobalSection
	GlobalSection(SolutionProperties) = preSolution
		HideSolutionNode = FALSE
	EndGlobalSection
	GlobalSection(ExtensibilityGlobals) = postSolution
		SolutionGuid = {9913908D-78A8-42AB-B62E-AEF8252043F9}
	EndGlobalSection
EndGlobal
