
Microsoft Visual Studio Solution File, Format Version 12.00
# Visual Studio Version 16
VisualStudioVersion = 16.0.28922.388
MinimumVisualStudioVersion = 10.0.40219.1
Project("{9A19103F-16F7-4668-BE54-9A1E7A4F7556}") = "PanoramicSystems.Templates.WindowsService", "PanoramicSystems.Templates.WindowsService\PanoramicSystems.Templates.WindowsService.csproj", "{BEFC6C0C-A58B-4F25-B8F9-F2003D80D8B9}"
EndProject
Project("{2150E333-8FDC-42A3-9474-1A3956D46DE8}") = "Solution Items", "Solution Items", "{34F586E6-1CA7-4A54-824D-039B30D0EFA2}"
	ProjectSection(SolutionItems) = preProject
		.gitignore = .gitignore
		Directory.Build.props = Directory.Build.props
		version.json = version.json
	EndProjectSection
EndProject
Project("{930C7802-8A8C-48F9-8165-68863BCCD9DD}") = "PanoramicSystems.Templates.WindowsService.Installer", "PanoramicSystems.Templates.WindowsService.Installer\PanoramicSystems.Templates.WindowsService.Installer.wixproj", "{D882B12D-01D5-4029-9067-D441B54F1BB4}"
EndProject
Global
	GlobalSection(SolutionConfigurationPlatforms) = preSolution
		Debug|Any CPU = Debug|Any CPU
		Debug|x86 = Debug|x86
		Release|Any CPU = Release|Any CPU
		Release|x86 = Release|x86
	EndGlobalSection
	GlobalSection(ProjectConfigurationPlatforms) = postSolution
		{BEFC6C0C-A58B-4F25-B8F9-F2003D80D8B9}.Debug|Any CPU.ActiveCfg = Debug|Any CPU
		{BEFC6C0C-A58B-4F25-B8F9-F2003D80D8B9}.Debug|Any CPU.Build.0 = Debug|Any CPU
		{BEFC6C0C-A58B-4F25-B8F9-F2003D80D8B9}.Debug|x86.ActiveCfg = Debug|Any CPU
		{BEFC6C0C-A58B-4F25-B8F9-F2003D80D8B9}.Debug|x86.Build.0 = Debug|Any CPU
		{BEFC6C0C-A58B-4F25-B8F9-F2003D80D8B9}.Release|Any CPU.ActiveCfg = Release|Any CPU
		{BEFC6C0C-A58B-4F25-B8F9-F2003D80D8B9}.Release|Any CPU.Build.0 = Release|Any CPU
		{BEFC6C0C-A58B-4F25-B8F9-F2003D80D8B9}.Release|x86.ActiveCfg = Release|Any CPU
		{BEFC6C0C-A58B-4F25-B8F9-F2003D80D8B9}.Release|x86.Build.0 = Release|Any CPU
		{D882B12D-01D5-4029-9067-D441B54F1BB4}.Debug|Any CPU.ActiveCfg = Debug|x86
		{D882B12D-01D5-4029-9067-D441B54F1BB4}.Debug|x86.ActiveCfg = Debug|x86
		{D882B12D-01D5-4029-9067-D441B54F1BB4}.Debug|x86.Build.0 = Debug|x86
		{D882B12D-01D5-4029-9067-D441B54F1BB4}.Release|Any CPU.ActiveCfg = Release|x86
		{D882B12D-01D5-4029-9067-D441B54F1BB4}.Release|Any CPU.Build.0 = Release|x86
		{D882B12D-01D5-4029-9067-D441B54F1BB4}.Release|x86.ActiveCfg = Release|x86
		{D882B12D-01D5-4029-9067-D441B54F1BB4}.Release|x86.Build.0 = Release|x86
	EndGlobalSection
	GlobalSection(SolutionProperties) = preSolution
		HideSolutionNode = FALSE
	EndGlobalSection
	GlobalSection(ExtensibilityGlobals) = postSolution
		SolutionGuid = {9913908D-78A8-42AB-B62E-AEF8252043F9}
	EndGlobalSection
EndGlobal
